// !$*UTF8*$!
{
	archiveVersion = 1;
	classes = {
	};
	objectVersion = 50;
	objects = {

/* Begin PBXBuildFile section */
		04D3CCC1347CD3E59AFECE6B /* Pods_BTNotifications.framework in Frameworks */ = {isa = PBXBuildFile; fileRef = E5FFDA33353CB118ABFC7CA1 /* Pods_BTNotifications.framework */; };
		351F9EBF227EC83400B8AE05 /* FileInfoViewController.swift in Sources */ = {isa = PBXBuildFile; fileRef = 351F9EBE227EC83400B8AE05 /* FileInfoViewController.swift */; };
		5358F6E2222F4F3D00DAA52C /* AppDelegate.swift in Sources */ = {isa = PBXBuildFile; fileRef = 5358F6E1222F4F3D00DAA52C /* AppDelegate.swift */; };
		5358F6E7222F4F3D00DAA52C /* Main.storyboard in Resources */ = {isa = PBXBuildFile; fileRef = 5358F6E5222F4F3D00DAA52C /* Main.storyboard */; };
		5358F6E9222F4F3E00DAA52C /* Assets.xcassets in Resources */ = {isa = PBXBuildFile; fileRef = 5358F6E8222F4F3E00DAA52C /* Assets.xcassets */; };
		5358F6EC222F4F3E00DAA52C /* LaunchScreen.storyboard in Resources */ = {isa = PBXBuildFile; fileRef = 5358F6EA222F4F3E00DAA52C /* LaunchScreen.storyboard */; };
		539FE057226BB2E500EC0860 /* HomeViewController.swift in Sources */ = {isa = PBXBuildFile; fileRef = 539FE053226BB2E500EC0860 /* HomeViewController.swift */; };
		539FE058226BB2E500EC0860 /* UploadViewController.swift in Sources */ = {isa = PBXBuildFile; fileRef = 539FE054226BB2E500EC0860 /* UploadViewController.swift */; };
		539FE059226BB2E500EC0860 /* LoginViewController.swift in Sources */ = {isa = PBXBuildFile; fileRef = 539FE055226BB2E500EC0860 /* LoginViewController.swift */; };
		539FE05A226BB2E500EC0860 /* RegisterViewController.swift in Sources */ = {isa = PBXBuildFile; fileRef = 539FE056226BB2E500EC0860 /* RegisterViewController.swift */; };
		53DC8A3A222F972400AD1D50 /* UserNotifications.framework in Frameworks */ = {isa = PBXBuildFile; fileRef = 53DC8A39222F972400AD1D50 /* UserNotifications.framework */; };
		53DC8A3C222F972400AD1D50 /* UserNotificationsUI.framework in Frameworks */ = {isa = PBXBuildFile; fileRef = 53DC8A3B222F972400AD1D50 /* UserNotificationsUI.framework */; };
		53DC8A3F222F972400AD1D50 /* NotificationViewController.swift in Sources */ = {isa = PBXBuildFile; fileRef = 53DC8A3E222F972400AD1D50 /* NotificationViewController.swift */; };
		53DC8A42222F972400AD1D50 /* MainInterface.storyboard in Resources */ = {isa = PBXBuildFile; fileRef = 53DC8A40222F972400AD1D50 /* MainInterface.storyboard */; };
		53DC8A46222F972400AD1D50 /* BTNotifications.appex in Embed App Extensions */ = {isa = PBXBuildFile; fileRef = 53DC8A37222F972400AD1D50 /* BTNotifications.appex */; settings = {ATTRIBUTES = (RemoveHeadersOnCopy, ); }; };
		BC536F26222FCED400EE6998 /* GoogleService-Info.plist in Resources */ = {isa = PBXBuildFile; fileRef = BC536F25222FCED400EE6998 /* GoogleService-Info.plist */; };
		E92A5321B7EC369AB5DD9B3D /* Pods_Byte_Drive.framework in Frameworks */ = {isa = PBXBuildFile; fileRef = C4A8356173F19C4CED807D26 /* Pods_Byte_Drive.framework */; };
/* End PBXBuildFile section */

/* Begin PBXContainerItemProxy section */
		53DC8A44222F972400AD1D50 /* PBXContainerItemProxy */ = {
			isa = PBXContainerItemProxy;
			containerPortal = 5358F6D6222F4F3D00DAA52C /* Project object */;
			proxyType = 1;
			remoteGlobalIDString = 53DC8A36222F972400AD1D50;
			remoteInfo = BTNotifications;
		};
/* End PBXContainerItemProxy section */

/* Begin PBXCopyFilesBuildPhase section */
		53DC8A4A222F972400AD1D50 /* Embed App Extensions */ = {
			isa = PBXCopyFilesBuildPhase;
			buildActionMask = 2147483647;
			dstPath = "";
			dstSubfolderSpec = 13;
			files = (
				53DC8A46222F972400AD1D50 /* BTNotifications.appex in Embed App Extensions */,
			);
			name = "Embed App Extensions";
			runOnlyForDeploymentPostprocessing = 0;
		};
/* End PBXCopyFilesBuildPhase section */

/* Begin PBXFileReference section */
		246F4384BD23F569F1194F59 /* Pods-Byte Drive.debug.xcconfig */ = {isa = PBXFileReference; includeInIndex = 1; lastKnownFileType = text.xcconfig; name = "Pods-Byte Drive.debug.xcconfig"; path = "Target Support Files/Pods-Byte Drive/Pods-Byte Drive.debug.xcconfig"; sourceTree = "<group>"; };
		351F9EBE227EC83400B8AE05 /* FileInfoViewController.swift */ = {isa = PBXFileReference; lastKnownFileType = sourcecode.swift; path = FileInfoViewController.swift; sourceTree = "<group>"; };
		369A467245D69A02C3C14552 /* Pods-BTNotifications.release.xcconfig */ = {isa = PBXFileReference; includeInIndex = 1; lastKnownFileType = text.xcconfig; name = "Pods-BTNotifications.release.xcconfig"; path = "Target Support Files/Pods-BTNotifications/Pods-BTNotifications.release.xcconfig"; sourceTree = "<group>"; };
		5358F6DE222F4F3D00DAA52C /* Byte Drive.app */ = {isa = PBXFileReference; explicitFileType = wrapper.application; includeInIndex = 0; path = "Byte Drive.app"; sourceTree = BUILT_PRODUCTS_DIR; };
		5358F6E1222F4F3D00DAA52C /* AppDelegate.swift */ = {isa = PBXFileReference; lastKnownFileType = sourcecode.swift; path = AppDelegate.swift; sourceTree = "<group>"; };
		5358F6E6222F4F3D00DAA52C /* Base */ = {isa = PBXFileReference; lastKnownFileType = file.storyboard; name = Base; path = Base.lproj/Main.storyboard; sourceTree = "<group>"; };
		5358F6E8222F4F3E00DAA52C /* Assets.xcassets */ = {isa = PBXFileReference; lastKnownFileType = folder.assetcatalog; path = Assets.xcassets; sourceTree = "<group>"; };
		5358F6EB222F4F3E00DAA52C /* Base */ = {isa = PBXFileReference; lastKnownFileType = file.storyboard; name = Base; path = Base.lproj/LaunchScreen.storyboard; sourceTree = "<group>"; };
		5358F6ED222F4F3E00DAA52C /* Info.plist */ = {isa = PBXFileReference; lastKnownFileType = text.plist.xml; path = Info.plist; sourceTree = "<group>"; };
		539FE053226BB2E500EC0860 /* HomeViewController.swift */ = {isa = PBXFileReference; fileEncoding = 4; lastKnownFileType = sourcecode.swift; path = HomeViewController.swift; sourceTree = "<group>"; };
		539FE054226BB2E500EC0860 /* UploadViewController.swift */ = {isa = PBXFileReference; fileEncoding = 4; lastKnownFileType = sourcecode.swift; path = UploadViewController.swift; sourceTree = "<group>"; };
		539FE055226BB2E500EC0860 /* LoginViewController.swift */ = {isa = PBXFileReference; fileEncoding = 4; lastKnownFileType = sourcecode.swift; path = LoginViewController.swift; sourceTree = "<group>"; };
		539FE056226BB2E500EC0860 /* RegisterViewController.swift */ = {isa = PBXFileReference; fileEncoding = 4; lastKnownFileType = sourcecode.swift; path = RegisterViewController.swift; sourceTree = "<group>"; };
		53DC8A37222F972400AD1D50 /* BTNotifications.appex */ = {isa = PBXFileReference; explicitFileType = "wrapper.app-extension"; includeInIndex = 0; path = BTNotifications.appex; sourceTree = BUILT_PRODUCTS_DIR; };
		53DC8A39222F972400AD1D50 /* UserNotifications.framework */ = {isa = PBXFileReference; lastKnownFileType = wrapper.framework; name = UserNotifications.framework; path = System/Library/Frameworks/UserNotifications.framework; sourceTree = SDKROOT; };
		53DC8A3B222F972400AD1D50 /* UserNotificationsUI.framework */ = {isa = PBXFileReference; lastKnownFileType = wrapper.framework; name = UserNotificationsUI.framework; path = System/Library/Frameworks/UserNotificationsUI.framework; sourceTree = SDKROOT; };
		53DC8A3E222F972400AD1D50 /* NotificationViewController.swift */ = {isa = PBXFileReference; lastKnownFileType = sourcecode.swift; path = NotificationViewController.swift; sourceTree = "<group>"; };
		53DC8A41222F972400AD1D50 /* Base */ = {isa = PBXFileReference; lastKnownFileType = file.storyboard; name = Base; path = Base.lproj/MainInterface.storyboard; sourceTree = "<group>"; };
		53DC8A43222F972400AD1D50 /* Info.plist */ = {isa = PBXFileReference; lastKnownFileType = text.plist.xml; path = Info.plist; sourceTree = "<group>"; };
		603AB902188BC25818933DBE /* Pods-BTNotifications.debug.xcconfig */ = {isa = PBXFileReference; includeInIndex = 1; lastKnownFileType = text.xcconfig; name = "Pods-BTNotifications.debug.xcconfig"; path = "Target Support Files/Pods-BTNotifications/Pods-BTNotifications.debug.xcconfig"; sourceTree = "<group>"; };
		BC536F25222FCED400EE6998 /* GoogleService-Info.plist */ = {isa = PBXFileReference; fileEncoding = 4; lastKnownFileType = text.plist.xml; path = "GoogleService-Info.plist"; sourceTree = "<group>"; };
		C2DBF34B3EF0AC001E4C1CBC /* Pods-Byte Drive.release.xcconfig */ = {isa = PBXFileReference; includeInIndex = 1; lastKnownFileType = text.xcconfig; name = "Pods-Byte Drive.release.xcconfig"; path = "Target Support Files/Pods-Byte Drive/Pods-Byte Drive.release.xcconfig"; sourceTree = "<group>"; };
		C4A8356173F19C4CED807D26 /* Pods_Byte_Drive.framework */ = {isa = PBXFileReference; explicitFileType = wrapper.framework; includeInIndex = 0; path = Pods_Byte_Drive.framework; sourceTree = BUILT_PRODUCTS_DIR; };
		E5FFDA33353CB118ABFC7CA1 /* Pods_BTNotifications.framework */ = {isa = PBXFileReference; explicitFileType = wrapper.framework; includeInIndex = 0; path = Pods_BTNotifications.framework; sourceTree = BUILT_PRODUCTS_DIR; };
/* End PBXFileReference section */

/* Begin PBXFrameworksBuildPhase section */
		5358F6DB222F4F3D00DAA52C /* Frameworks */ = {
			isa = PBXFrameworksBuildPhase;
			buildActionMask = 2147483647;
			files = (
				E92A5321B7EC369AB5DD9B3D /* Pods_Byte_Drive.framework in Frameworks */,
			);
			runOnlyForDeploymentPostprocessing = 0;
		};
		53DC8A34222F972400AD1D50 /* Frameworks */ = {
			isa = PBXFrameworksBuildPhase;
			buildActionMask = 2147483647;
			files = (
				53DC8A3C222F972400AD1D50 /* UserNotificationsUI.framework in Frameworks */,
				53DC8A3A222F972400AD1D50 /* UserNotifications.framework in Frameworks */,
				04D3CCC1347CD3E59AFECE6B /* Pods_BTNotifications.framework in Frameworks */,
			);
			runOnlyForDeploymentPostprocessing = 0;
		};
/* End PBXFrameworksBuildPhase section */

/* Begin PBXGroup section */
		5358F6D5222F4F3D00DAA52C = {
			isa = PBXGroup;
			children = (
				BCAE9FAE225DB917003ED7FC /* Supporting Files */,
				5358F6E0222F4F3D00DAA52C /* Byte Drive */,
				53DC8A3D222F972400AD1D50 /* BTNotifications */,
				53DC8A38222F972400AD1D50 /* Frameworks */,
				5358F6DF222F4F3D00DAA52C /* Products */,
				9E6C8200B9D19BAAB66CE62F /* Pods */,
			);
			sourceTree = "<group>";
		};
		5358F6DF222F4F3D00DAA52C /* Products */ = {
			isa = PBXGroup;
			children = (
				5358F6DE222F4F3D00DAA52C /* Byte Drive.app */,
				53DC8A37222F972400AD1D50 /* BTNotifications.appex */,
			);
			name = Products;
			sourceTree = "<group>";
		};
		5358F6E0222F4F3D00DAA52C /* Byte Drive */ = {
			isa = PBXGroup;
			children = (
				539FE05C226BB30600EC0860 /* Model */,
				539FE05B226BB2FE00EC0860 /* View */,
				539FE052226BB2E500EC0860 /* Controller */,
				5358F6E1222F4F3D00DAA52C /* AppDelegate.swift */,
				5358F6E5222F4F3D00DAA52C /* Main.storyboard */,
				5358F6EA222F4F3E00DAA52C /* LaunchScreen.storyboard */,
				5358F6ED222F4F3E00DAA52C /* Info.plist */,
				5358F6E8222F4F3E00DAA52C /* Assets.xcassets */,
			);
			path = "Byte Drive";
			sourceTree = "<group>";
		};
		539FE052226BB2E500EC0860 /* Controller */ = {
			isa = PBXGroup;
			children = (
				539FE053226BB2E500EC0860 /* HomeViewController.swift */,
				539FE054226BB2E500EC0860 /* UploadViewController.swift */,
				539FE055226BB2E500EC0860 /* LoginViewController.swift */,
				539FE056226BB2E500EC0860 /* RegisterViewController.swift */,
				351F9EBE227EC83400B8AE05 /* FileInfoViewController.swift */,
			);
			path = Controller;
			sourceTree = "<group>";
		};
		539FE05B226BB2FE00EC0860 /* View */ = {
			isa = PBXGroup;
			children = (
			);
			path = View;
			sourceTree = "<group>";
		};
		539FE05C226BB30600EC0860 /* Model */ = {
			isa = PBXGroup;
			children = (
			);
			path = Model;
			sourceTree = "<group>";
		};
		53DC8A38222F972400AD1D50 /* Frameworks */ = {
			isa = PBXGroup;
			children = (
				53DC8A39222F972400AD1D50 /* UserNotifications.framework */,
				53DC8A3B222F972400AD1D50 /* UserNotificationsUI.framework */,
				E5FFDA33353CB118ABFC7CA1 /* Pods_BTNotifications.framework */,
				C4A8356173F19C4CED807D26 /* Pods_Byte_Drive.framework */,
			);
			name = Frameworks;
			sourceTree = "<group>";
		};
		53DC8A3D222F972400AD1D50 /* BTNotifications */ = {
			isa = PBXGroup;
			children = (
				53DC8A3E222F972400AD1D50 /* NotificationViewController.swift */,
				53DC8A40222F972400AD1D50 /* MainInterface.storyboard */,
				53DC8A43222F972400AD1D50 /* Info.plist */,
			);
			path = BTNotifications;
			sourceTree = "<group>";
		};
		9E6C8200B9D19BAAB66CE62F /* Pods */ = {
			isa = PBXGroup;
			children = (
				603AB902188BC25818933DBE /* Pods-BTNotifications.debug.xcconfig */,
				369A467245D69A02C3C14552 /* Pods-BTNotifications.release.xcconfig */,
				246F4384BD23F569F1194F59 /* Pods-Byte Drive.debug.xcconfig */,
				C2DBF34B3EF0AC001E4C1CBC /* Pods-Byte Drive.release.xcconfig */,
			);
			path = Pods;
			sourceTree = "<group>";
		};
		BCAE9FAE225DB917003ED7FC /* Supporting Files */ = {
			isa = PBXGroup;
			children = (
				BC536F25222FCED400EE6998 /* GoogleService-Info.plist */,
			);
			path = "Supporting Files";
			sourceTree = "<group>";
		};
/* End PBXGroup section */

/* Begin PBXNativeTarget section */
		5358F6DD222F4F3D00DAA52C /* Byte Drive */ = {
			isa = PBXNativeTarget;
			buildConfigurationList = 5358F6F0222F4F3E00DAA52C /* Build configuration list for PBXNativeTarget "Byte Drive" */;
			buildPhases = (
				7EAABFD5487031FD16B35B0A /* [CP] Check Pods Manifest.lock */,
				5358F6DA222F4F3D00DAA52C /* Sources */,
				5358F6DB222F4F3D00DAA52C /* Frameworks */,
				5358F6DC222F4F3D00DAA52C /* Resources */,
				53DC8A4A222F972400AD1D50 /* Embed App Extensions */,
				F0533C87E4C9EED178A6569C /* [CP] Embed Pods Frameworks */,
				4180037543FEA499D5545DF3 /* [CP] Copy Pods Resources */,
			);
			buildRules = (
			);
			dependencies = (
				53DC8A45222F972400AD1D50 /* PBXTargetDependency */,
			);
			name = "Byte Drive";
			productName = "Byte Drive";
			productReference = 5358F6DE222F4F3D00DAA52C /* Byte Drive.app */;
			productType = "com.apple.product-type.application";
		};
		53DC8A36222F972400AD1D50 /* BTNotifications */ = {
			isa = PBXNativeTarget;
			buildConfigurationList = 53DC8A49222F972400AD1D50 /* Build configuration list for PBXNativeTarget "BTNotifications" */;
			buildPhases = (
				A07B4436BABEBC96C1AA31A8 /* [CP] Check Pods Manifest.lock */,
				53DC8A33222F972400AD1D50 /* Sources */,
				53DC8A34222F972400AD1D50 /* Frameworks */,
				53DC8A35222F972400AD1D50 /* Resources */,
			);
			buildRules = (
			);
			dependencies = (
			);
			name = BTNotifications;
			productName = BTNotifications;
			productReference = 53DC8A37222F972400AD1D50 /* BTNotifications.appex */;
			productType = "com.apple.product-type.app-extension";
		};
/* End PBXNativeTarget section */

/* Begin PBXProject section */
		5358F6D6222F4F3D00DAA52C /* Project object */ = {
			isa = PBXProject;
			attributes = {
				LastSwiftUpdateCheck = 1010;
				LastUpgradeCheck = 1010;
				ORGANIZATIONNAME = "Dale Christian Seen";
				TargetAttributes = {
					5358F6DD222F4F3D00DAA52C = {
						CreatedOnToolsVersion = 10.1;
					};
					53DC8A36222F972400AD1D50 = {
						CreatedOnToolsVersion = 10.1;
					};
				};
			};
			buildConfigurationList = 5358F6D9222F4F3D00DAA52C /* Build configuration list for PBXProject "Byte Drive" */;
			compatibilityVersion = "Xcode 9.3";
			developmentRegion = en;
			hasScannedForEncodings = 0;
			knownRegions = (
				en,
				Base,
			);
			mainGroup = 5358F6D5222F4F3D00DAA52C;
			productRefGroup = 5358F6DF222F4F3D00DAA52C /* Products */;
			projectDirPath = "";
			projectRoot = "";
			targets = (
				5358F6DD222F4F3D00DAA52C /* Byte Drive */,
				53DC8A36222F972400AD1D50 /* BTNotifications */,
			);
		};
/* End PBXProject section */

/* Begin PBXResourcesBuildPhase section */
		5358F6DC222F4F3D00DAA52C /* Resources */ = {
			isa = PBXResourcesBuildPhase;
			buildActionMask = 2147483647;
			files = (
				5358F6EC222F4F3E00DAA52C /* LaunchScreen.storyboard in Resources */,
				BC536F26222FCED400EE6998 /* GoogleService-Info.plist in Resources */,
				5358F6E9222F4F3E00DAA52C /* Assets.xcassets in Resources */,
				5358F6E7222F4F3D00DAA52C /* Main.storyboard in Resources */,
			);
			runOnlyForDeploymentPostprocessing = 0;
		};
		53DC8A35222F972400AD1D50 /* Resources */ = {
			isa = PBXResourcesBuildPhase;
			buildActionMask = 2147483647;
			files = (
				53DC8A42222F972400AD1D50 /* MainInterface.storyboard in Resources */,
			);
			runOnlyForDeploymentPostprocessing = 0;
		};
/* End PBXResourcesBuildPhase section */

/* Begin PBXShellScriptBuildPhase section */
		4180037543FEA499D5545DF3 /* [CP] Copy Pods Resources */ = {
			isa = PBXShellScriptBuildPhase;
			buildActionMask = 2147483647;
			files = (
			);
			inputFileListPaths = (
			);
			inputPaths = (
				"${PODS_ROOT}/Target Support Files/Pods-Byte Drive/Pods-Byte Drive-resources.sh",
				"${PODS_ROOT}/GoogleSignIn/Resources/GoogleSignIn.bundle",
			);
			name = "[CP] Copy Pods Resources";
			outputFileListPaths = (
			);
			outputPaths = (
				"${TARGET_BUILD_DIR}/${UNLOCALIZED_RESOURCES_FOLDER_PATH}/GoogleSignIn.bundle",
			);
			runOnlyForDeploymentPostprocessing = 0;
			shellPath = /bin/sh;
			shellScript = "\"${PODS_ROOT}/Target Support Files/Pods-Byte Drive/Pods-Byte Drive-resources.sh\"\n";
			showEnvVarsInLog = 0;
		};
		7EAABFD5487031FD16B35B0A /* [CP] Check Pods Manifest.lock */ = {
			isa = PBXShellScriptBuildPhase;
			buildActionMask = 2147483647;
			files = (
			);
			inputFileListPaths = (
			);
			inputPaths = (
				"${PODS_PODFILE_DIR_PATH}/Podfile.lock",
				"${PODS_ROOT}/Manifest.lock",
			);
			name = "[CP] Check Pods Manifest.lock";
			outputFileListPaths = (
			);
			outputPaths = (
				"$(DERIVED_FILE_DIR)/Pods-Byte Drive-checkManifestLockResult.txt",
			);
			runOnlyForDeploymentPostprocessing = 0;
			shellPath = /bin/sh;
			shellScript = "diff \"${PODS_PODFILE_DIR_PATH}/Podfile.lock\" \"${PODS_ROOT}/Manifest.lock\" > /dev/null\nif [ $? != 0 ] ; then\n    # print error to STDERR\n    echo \"error: The sandbox is not in sync with the Podfile.lock. Run 'pod install' or update your CocoaPods installation.\" >&2\n    exit 1\nfi\n# This output is used by Xcode 'outputs' to avoid re-running this script phase.\necho \"SUCCESS\" > \"${SCRIPT_OUTPUT_FILE_0}\"\n";
			showEnvVarsInLog = 0;
		};
		A07B4436BABEBC96C1AA31A8 /* [CP] Check Pods Manifest.lock */ = {
			isa = PBXShellScriptBuildPhase;
			buildActionMask = 2147483647;
			files = (
			);
			inputFileListPaths = (
			);
			inputPaths = (
				"${PODS_PODFILE_DIR_PATH}/Podfile.lock",
				"${PODS_ROOT}/Manifest.lock",
			);
			name = "[CP] Check Pods Manifest.lock";
			outputFileListPaths = (
			);
			outputPaths = (
				"$(DERIVED_FILE_DIR)/Pods-BTNotifications-checkManifestLockResult.txt",
			);
			runOnlyForDeploymentPostprocessing = 0;
			shellPath = /bin/sh;
			shellScript = "diff \"${PODS_PODFILE_DIR_PATH}/Podfile.lock\" \"${PODS_ROOT}/Manifest.lock\" > /dev/null\nif [ $? != 0 ] ; then\n    # print error to STDERR\n    echo \"error: The sandbox is not in sync with the Podfile.lock. Run 'pod install' or update your CocoaPods installation.\" >&2\n    exit 1\nfi\n# This output is used by Xcode 'outputs' to avoid re-running this script phase.\necho \"SUCCESS\" > \"${SCRIPT_OUTPUT_FILE_0}\"\n";
			showEnvVarsInLog = 0;
		};
		F0533C87E4C9EED178A6569C /* [CP] Embed Pods Frameworks */ = {
			isa = PBXShellScriptBuildPhase;
			buildActionMask = 2147483647;
			files = (
			);
			inputFileListPaths = (
			);
			inputPaths = (
				"${PODS_ROOT}/Target Support Files/Pods-Byte Drive/Pods-Byte Drive-frameworks.sh",
				"${BUILT_PRODUCTS_DIR}/ChameleonFramework/ChameleonFramework.framework",
				"${BUILT_PRODUCTS_DIR}/GTMSessionFetcher/GTMSessionFetcher.framework",
				"${BUILT_PRODUCTS_DIR}/GoogleToolboxForMac/GoogleToolboxForMac.framework",
				"${BUILT_PRODUCTS_DIR}/GoogleUtilities/GoogleUtilities.framework",
				"${BUILT_PRODUCTS_DIR}/SVProgressHUD/SVProgressHUD.framework",
				"${BUILT_PRODUCTS_DIR}/leveldb-library/leveldb.framework",
				"${BUILT_PRODUCTS_DIR}/nanopb/nanopb.framework",
			);
			name = "[CP] Embed Pods Frameworks";
			outputFileListPaths = (
			);
			outputPaths = (
				"${TARGET_BUILD_DIR}/${FRAMEWORKS_FOLDER_PATH}/ChameleonFramework.framework",
				"${TARGET_BUILD_DIR}/${FRAMEWORKS_FOLDER_PATH}/GTMSessionFetcher.framework",
				"${TARGET_BUILD_DIR}/${FRAMEWORKS_FOLDER_PATH}/GoogleToolboxForMac.framework",
				"${TARGET_BUILD_DIR}/${FRAMEWORKS_FOLDER_PATH}/GoogleUtilities.framework",
				"${TARGET_BUILD_DIR}/${FRAMEWORKS_FOLDER_PATH}/SVProgressHUD.framework",
				"${TARGET_BUILD_DIR}/${FRAMEWORKS_FOLDER_PATH}/leveldb.framework",
				"${TARGET_BUILD_DIR}/${FRAMEWORKS_FOLDER_PATH}/nanopb.framework",
			);
			runOnlyForDeploymentPostprocessing = 0;
			shellPath = /bin/sh;
			shellScript = "\"${PODS_ROOT}/Target Support Files/Pods-Byte Drive/Pods-Byte Drive-frameworks.sh\"\n";
			showEnvVarsInLog = 0;
		};
/* End PBXShellScriptBuildPhase section */

/* Begin PBXSourcesBuildPhase section */
		5358F6DA222F4F3D00DAA52C /* Sources */ = {
			isa = PBXSourcesBuildPhase;
			buildActionMask = 2147483647;
			files = (
				539FE059226BB2E500EC0860 /* LoginViewController.swift in Sources */,
				539FE05A226BB2E500EC0860 /* RegisterViewController.swift in Sources */,
				351F9EBF227EC83400B8AE05 /* FileInfoViewController.swift in Sources */,
				5358F6E2222F4F3D00DAA52C /* AppDelegate.swift in Sources */,
				539FE058226BB2E500EC0860 /* UploadViewController.swift in Sources */,
				539FE057226BB2E500EC0860 /* HomeViewController.swift in Sources */,
			);
			runOnlyForDeploymentPostprocessing = 0;
		};
		53DC8A33222F972400AD1D50 /* Sources */ = {
			isa = PBXSourcesBuildPhase;
			buildActionMask = 2147483647;
			files = (
				53DC8A3F222F972400AD1D50 /* NotificationViewController.swift in Sources */,
			);
			runOnlyForDeploymentPostprocessing = 0;
		};
/* End PBXSourcesBuildPhase section */

/* Begin PBXTargetDependency section */
		53DC8A45222F972400AD1D50 /* PBXTargetDependency */ = {
			isa = PBXTargetDependency;
			target = 53DC8A36222F972400AD1D50 /* BTNotifications */;
			targetProxy = 53DC8A44222F972400AD1D50 /* PBXContainerItemProxy */;
		};
/* End PBXTargetDependency section */

/* Begin PBXVariantGroup section */
		5358F6E5222F4F3D00DAA52C /* Main.storyboard */ = {
			isa = PBXVariantGroup;
			children = (
				5358F6E6222F4F3D00DAA52C /* Base */,
			);
			name = Main.storyboard;
			sourceTree = "<group>";
		};
		5358F6EA222F4F3E00DAA52C /* LaunchScreen.storyboard */ = {
			isa = PBXVariantGroup;
			children = (
				5358F6EB222F4F3E00DAA52C /* Base */,
			);
			name = LaunchScreen.storyboard;
			sourceTree = "<group>";
		};
		53DC8A40222F972400AD1D50 /* MainInterface.storyboard */ = {
			isa = PBXVariantGroup;
			children = (
				53DC8A41222F972400AD1D50 /* Base */,
			);
			name = MainInterface.storyboard;
			sourceTree = "<group>";
		};
/* End PBXVariantGroup section */

/* Begin XCBuildConfiguration section */
		5358F6EE222F4F3E00DAA52C /* Debug */ = {
			isa = XCBuildConfiguration;
			buildSettings = {
				ALWAYS_SEARCH_USER_PATHS = NO;
				CLANG_ANALYZER_NONNULL = YES;
				CLANG_ANALYZER_NUMBER_OBJECT_CONVERSION = YES_AGGRESSIVE;
				CLANG_CXX_LANGUAGE_STANDARD = "gnu++14";
				CLANG_CXX_LIBRARY = "libc++";
				CLANG_ENABLE_MODULES = YES;
				CLANG_ENABLE_OBJC_ARC = YES;
				CLANG_ENABLE_OBJC_WEAK = YES;
				CLANG_WARN_BLOCK_CAPTURE_AUTORELEASING = YES;
				CLANG_WARN_BOOL_CONVERSION = YES;
				CLANG_WARN_COMMA = YES;
				CLANG_WARN_CONSTANT_CONVERSION = YES;
				CLANG_WARN_DEPRECATED_OBJC_IMPLEMENTATIONS = YES;
				CLANG_WARN_DIRECT_OBJC_ISA_USAGE = YES_ERROR;
				CLANG_WARN_DOCUMENTATION_COMMENTS = YES;
				CLANG_WARN_EMPTY_BODY = YES;
				CLANG_WARN_ENUM_CONVERSION = YES;
				CLANG_WARN_INFINITE_RECURSION = YES;
				CLANG_WARN_INT_CONVERSION = YES;
				CLANG_WARN_NON_LITERAL_NULL_CONVERSION = YES;
				CLANG_WARN_OBJC_IMPLICIT_RETAIN_SELF = YES;
				CLANG_WARN_OBJC_LITERAL_CONVERSION = YES;
				CLANG_WARN_OBJC_ROOT_CLASS = YES_ERROR;
				CLANG_WARN_RANGE_LOOP_ANALYSIS = YES;
				CLANG_WARN_STRICT_PROTOTYPES = YES;
				CLANG_WARN_SUSPICIOUS_MOVE = YES;
				CLANG_WARN_UNGUARDED_AVAILABILITY = YES_AGGRESSIVE;
				CLANG_WARN_UNREACHABLE_CODE = YES;
				CLANG_WARN__DUPLICATE_METHOD_MATCH = YES;
				CODE_SIGN_IDENTITY = "iPhone Developer";
				COPY_PHASE_STRIP = NO;
				DEBUG_INFORMATION_FORMAT = dwarf;
				ENABLE_STRICT_OBJC_MSGSEND = YES;
				ENABLE_TESTABILITY = YES;
				GCC_C_LANGUAGE_STANDARD = gnu11;
				GCC_DYNAMIC_NO_PIC = NO;
				GCC_NO_COMMON_BLOCKS = YES;
				GCC_OPTIMIZATION_LEVEL = 0;
				GCC_PREPROCESSOR_DEFINITIONS = (
					"DEBUG=1",
					"$(inherited)",
				);
				GCC_WARN_64_TO_32_BIT_CONVERSION = YES;
				GCC_WARN_ABOUT_RETURN_TYPE = YES_ERROR;
				GCC_WARN_UNDECLARED_SELECTOR = YES;
				GCC_WARN_UNINITIALIZED_AUTOS = YES_AGGRESSIVE;
				GCC_WARN_UNUSED_FUNCTION = YES;
				GCC_WARN_UNUSED_VARIABLE = YES;
				IPHONEOS_DEPLOYMENT_TARGET = 12.1;
				MTL_ENABLE_DEBUG_INFO = INCLUDE_SOURCE;
				MTL_FAST_MATH = YES;
				ONLY_ACTIVE_ARCH = YES;
				SDKROOT = iphoneos;
				SWIFT_ACTIVE_COMPILATION_CONDITIONS = DEBUG;
				SWIFT_OPTIMIZATION_LEVEL = "-Onone";
			};
			name = Debug;
		};
		5358F6EF222F4F3E00DAA52C /* Release */ = {
			isa = XCBuildConfiguration;
			buildSettings = {
				ALWAYS_SEARCH_USER_PATHS = NO;
				CLANG_ANALYZER_NONNULL = YES;
				CLANG_ANALYZER_NUMBER_OBJECT_CONVERSION = YES_AGGRESSIVE;
				CLANG_CXX_LANGUAGE_STANDARD = "gnu++14";
				CLANG_CXX_LIBRARY = "libc++";
				CLANG_ENABLE_MODULES = YES;
				CLANG_ENABLE_OBJC_ARC = YES;
				CLANG_ENABLE_OBJC_WEAK = YES;
				CLANG_WARN_BLOCK_CAPTURE_AUTORELEASING = YES;
				CLANG_WARN_BOOL_CONVERSION = YES;
				CLANG_WARN_COMMA = YES;
				CLANG_WARN_CONSTANT_CONVERSION = YES;
				CLANG_WARN_DEPRECATED_OBJC_IMPLEMENTATIONS = YES;
				CLANG_WARN_DIRECT_OBJC_ISA_USAGE = YES_ERROR;
				CLANG_WARN_DOCUMENTATION_COMMENTS = YES;
				CLANG_WARN_EMPTY_BODY = YES;
				CLANG_WARN_ENUM_CONVERSION = YES;
				CLANG_WARN_INFINITE_RECURSION = YES;
				CLANG_WARN_INT_CONVERSION = YES;
				CLANG_WARN_NON_LITERAL_NULL_CONVERSION = YES;
				CLANG_WARN_OBJC_IMPLICIT_RETAIN_SELF = YES;
				CLANG_WARN_OBJC_LITERAL_CONVERSION = YES;
				CLANG_WARN_OBJC_ROOT_CLASS = YES_ERROR;
				CLANG_WARN_RANGE_LOOP_ANALYSIS = YES;
				CLANG_WARN_STRICT_PROTOTYPES = YES;
				CLANG_WARN_SUSPICIOUS_MOVE = YES;
				CLANG_WARN_UNGUARDED_AVAILABILITY = YES_AGGRESSIVE;
				CLANG_WARN_UNREACHABLE_CODE = YES;
				CLANG_WARN__DUPLICATE_METHOD_MATCH = YES;
				CODE_SIGN_IDENTITY = "iPhone Developer";
				COPY_PHASE_STRIP = NO;
				DEBUG_INFORMATION_FORMAT = "dwarf-with-dsym";
				ENABLE_NS_ASSERTIONS = NO;
				ENABLE_STRICT_OBJC_MSGSEND = YES;
				GCC_C_LANGUAGE_STANDARD = gnu11;
				GCC_NO_COMMON_BLOCKS = YES;
				GCC_WARN_64_TO_32_BIT_CONVERSION = YES;
				GCC_WARN_ABOUT_RETURN_TYPE = YES_ERROR;
				GCC_WARN_UNDECLARED_SELECTOR = YES;
				GCC_WARN_UNINITIALIZED_AUTOS = YES_AGGRESSIVE;
				GCC_WARN_UNUSED_FUNCTION = YES;
				GCC_WARN_UNUSED_VARIABLE = YES;
				IPHONEOS_DEPLOYMENT_TARGET = 12.1;
				MTL_ENABLE_DEBUG_INFO = NO;
				MTL_FAST_MATH = YES;
				SDKROOT = iphoneos;
				SWIFT_COMPILATION_MODE = wholemodule;
				SWIFT_OPTIMIZATION_LEVEL = "-O";
				VALIDATE_PRODUCT = YES;
			};
			name = Release;
		};
		5358F6F1222F4F3E00DAA52C /* Debug */ = {
			isa = XCBuildConfiguration;
			baseConfigurationReference = 246F4384BD23F569F1194F59 /* Pods-Byte Drive.debug.xcconfig */;
			buildSettings = {
				ALWAYS_EMBED_SWIFT_STANDARD_LIBRARIES = YES;
				ASSETCATALOG_COMPILER_APPICON_NAME = AppIcon;
				CODE_SIGN_STYLE = Automatic;
				DEVELOPMENT_TEAM = 6WA6Y7KBQJ;
				INFOPLIST_FILE = "Byte Drive/Info.plist";
				LD_RUNPATH_SEARCH_PATHS = (
					"$(inherited)",
					"@executable_path/Frameworks",
				);
				PRODUCT_BUNDLE_IDENTIFIER = "DCS.CMPE137.ByteMe.Byte-Drive";
				PRODUCT_NAME = "$(TARGET_NAME)";
				SWIFT_VERSION = 4.2;
				TARGETED_DEVICE_FAMILY = "1,2";
			};
			name = Debug;
		};
		5358F6F2222F4F3E00DAA52C /* Release */ = {
			isa = XCBuildConfiguration;
			baseConfigurationReference = C2DBF34B3EF0AC001E4C1CBC /* Pods-Byte Drive.release.xcconfig */;
			buildSettings = {
				ALWAYS_EMBED_SWIFT_STANDARD_LIBRARIES = YES;
				ASSETCATALOG_COMPILER_APPICON_NAME = AppIcon;
				CODE_SIGN_STYLE = Automatic;
				DEVELOPMENT_TEAM = 6WA6Y7KBQJ;
				INFOPLIST_FILE = "Byte Drive/Info.plist";
				LD_RUNPATH_SEARCH_PATHS = (
					"$(inherited)",
					"@executable_path/Frameworks",
				);
				PRODUCT_BUNDLE_IDENTIFIER = "DCS.CMPE137.ByteMe.Byte-Drive";
				PRODUCT_NAME = "$(TARGET_NAME)";
				SWIFT_VERSION = 4.2;
				TARGETED_DEVICE_FAMILY = "1,2";
			};
			name = Release;
		};
		53DC8A47222F972400AD1D50 /* Debug */ = {
			isa = XCBuildConfiguration;
			baseConfigurationReference = 603AB902188BC25818933DBE /* Pods-BTNotifications.debug.xcconfig */;
			buildSettings = {
				CODE_SIGN_STYLE = Automatic;
				DEVELOPMENT_TEAM = 6WA6Y7KBQJ;
				INFOPLIST_FILE = BTNotifications/Info.plist;
				LD_RUNPATH_SEARCH_PATHS = (
					"$(inherited)",
					"@executable_path/Frameworks",
					"@executable_path/../../Frameworks",
				);
				PRODUCT_BUNDLE_IDENTIFIER = "DCS.CMPE137.ByteMe.Byte-Drive.BTNotifications";
				PRODUCT_NAME = "$(TARGET_NAME)";
				SKIP_INSTALL = YES;
				SWIFT_VERSION = 4.2;
				TARGETED_DEVICE_FAMILY = "1,2";
			};
			name = Debug;
		};
		53DC8A48222F972400AD1D50 /* Release */ = {
			isa = XCBuildConfiguration;
			baseConfigurationReference = 369A467245D69A02C3C14552 /* Pods-BTNotifications.release.xcconfig */;
			buildSettings = {
				CODE_SIGN_STYLE = Automatic;
				DEVELOPMENT_TEAM = 6WA6Y7KBQJ;
				INFOPLIST_FILE = BTNotifications/Info.plist;
				LD_RUNPATH_SEARCH_PATHS = (
					"$(inherited)",
					"@executable_path/Frameworks",
					"@executable_path/../../Frameworks",
				);
				PRODUCT_BUNDLE_IDENTIFIER = "DCS.CMPE137.ByteMe.Byte-Drive.BTNotifications";
				PRODUCT_NAME = "$(TARGET_NAME)";
				SKIP_INSTALL = YES;
				SWIFT_VERSION = 4.2;
				TARGETED_DEVICE_FAMILY = "1,2";
			};
			name = Release;
		};
/* End XCBuildConfiguration section */

/* Begin XCConfigurationList section */
		5358F6D9222F4F3D00DAA52C /* Build configuration list for PBXProject "Byte Drive" */ = {
			isa = XCConfigurationList;
			buildConfigurations = (
				5358F6EE222F4F3E00DAA52C /* Debug */,
				5358F6EF222F4F3E00DAA52C /* Release */,
			);
			defaultConfigurationIsVisible = 0;
			defaultConfigurationName = Release;
		};
		5358F6F0222F4F3E00DAA52C /* Build configuration list for PBXNativeTarget "Byte Drive" */ = {
			isa = XCConfigurationList;
			buildConfigurations = (
				5358F6F1222F4F3E00DAA52C /* Debug */,
				5358F6F2222F4F3E00DAA52C /* Release */,
			);
			defaultConfigurationIsVisible = 0;
			defaultConfigurationName = Release;
		};
		53DC8A49222F972400AD1D50 /* Build configuration list for PBXNativeTarget "BTNotifications" */ = {
			isa = XCConfigurationList;
			buildConfigurations = (
				53DC8A47222F972400AD1D50 /* Debug */,
				53DC8A48222F972400AD1D50 /* Release */,
			);
			defaultConfigurationIsVisible = 0;
			defaultConfigurationName = Release;
		};
/* End XCConfigurationList section */
	};
	rootObject = 5358F6D6222F4F3D00DAA52C /* Project object */;
}
